// !$*UTF8*$!
{
	archiveVersion = 1;
	classes = {
	};
	objectVersion = 45;
	objects = {

/* Begin PBXBuildFile section */
		BE5BD82B136A2C2800B8CEFC /* main.cpp in Sources */ = {isa = PBXBuildFile; fileRef = BE5BD82A136A2C2100B8CEFC /* main.cpp */; };
		BE5BD82E136A2C3500B8CEFC /* SceneDrawer.cpp in Sources */ = {isa = PBXBuildFile; fileRef = BE5BD82C136A2C3500B8CEFC /* SceneDrawer.cpp */; };
		BE5BD832136A2C6B00B8CEFC /* GLUT.framework in Frameworks */ = {isa = PBXBuildFile; fileRef = BE5BD831136A2C6B00B8CEFC /* GLUT.framework */; };
		BE5BD834136A2C6B00B8CEFC /* OpenGL.framework in Frameworks */ = {isa = PBXBuildFile; fileRef = BE5BD833136A2C6B00B8CEFC /* OpenGL.framework */; };
		BE5BD83E136A306600B8CEFC /* libOpenNI.dylib in Frameworks */ = {isa = PBXBuildFile; fileRef = BE5BD83D136A306600B8CEFC /* libOpenNI.dylib */; };
		BE5CFBF51379EB3800E4E383 /* GLUT.framework in Frameworks */ = {isa = PBXBuildFile; fileRef = BE5BD831136A2C6B00B8CEFC /* GLUT.framework */; };
		BE5CFC081379EB3D00E4E383 /* OpenGL.framework in Frameworks */ = {isa = PBXBuildFile; fileRef = BE5BD833136A2C6B00B8CEFC /* OpenGL.framework */; };
		BE5CFC091379EB6000E4E383 /* SceneDrawer.cpp in Sources */ = {isa = PBXBuildFile; fileRef = BE5BD82C136A2C3500B8CEFC /* SceneDrawer.cpp */; };
		BE5CFC0B1379EB8A00E4E383 /* libOpenNI.dylib in Frameworks */ = {isa = PBXBuildFile; fileRef = BE5BD83D136A306600B8CEFC /* libOpenNI.dylib */; };
		BE5CFC1C1379EBC300E4E383 /* libXnCore.dylib in Frameworks */ = {isa = PBXBuildFile; fileRef = BE5CFC171379EBC300E4E383 /* libXnCore.dylib */; };
		BE5CFC1D1379EBC300E4E383 /* libXnDDK.dylib in Frameworks */ = {isa = PBXBuildFile; fileRef = BE5CFC181379EBC300E4E383 /* libXnDDK.dylib */; };
		BE5CFC1E1379EBC300E4E383 /* libXnDeviceFile.dylib in Frameworks */ = {isa = PBXBuildFile; fileRef = BE5CFC191379EBC300E4E383 /* libXnDeviceFile.dylib */; };
		BE5CFC1F1379EBC300E4E383 /* libXnDeviceSensorV2KM.dylib in Frameworks */ = {isa = PBXBuildFile; fileRef = BE5CFC1A1379EBC300E4E383 /* libXnDeviceSensorV2KM.dylib */; };
		BE5CFC201379EBC300E4E383 /* libXnFormats.dylib in Frameworks */ = {isa = PBXBuildFile; fileRef = BE5CFC1B1379EBC300E4E383 /* libXnFormats.dylib */; };
		BE5CFC251379EBD900E4E383 /* libXnVCNITE_1_3_1.dylib in Frameworks */ = {isa = PBXBuildFile; fileRef = BE5CFC211379EBD900E4E383 /* libXnVCNITE_1_3_1.dylib */; };
		BE5CFC261379EBD900E4E383 /* libXnVFeatures_1_3_1.dylib in Frameworks */ = {isa = PBXBuildFile; fileRef = BE5CFC221379EBD900E4E383 /* libXnVFeatures_1_3_1.dylib */; };
		BE5CFC271379EBD900E4E383 /* libXnVHandGenerator_1_3_1.dylib in Frameworks */ = {isa = PBXBuildFile; fileRef = BE5CFC231379EBD900E4E383 /* libXnVHandGenerator_1_3_1.dylib */; };
		BE5CFC281379EBD900E4E383 /* libXnVNite_1_3_1.dylib in Frameworks */ = {isa = PBXBuildFile; fileRef = BE5CFC241379EBD900E4E383 /* libXnVNite_1_3_1.dylib */; };
		BE5CFC2C1379EBE300E4E383 /* libnimCodecs.dylib in Frameworks */ = {isa = PBXBuildFile; fileRef = BE5CFC291379EBE300E4E383 /* libnimCodecs.dylib */; };
		BE5CFC2D1379EBE300E4E383 /* libnimMockNodes.dylib in Frameworks */ = {isa = PBXBuildFile; fileRef = BE5CFC2A1379EBE300E4E383 /* libnimMockNodes.dylib */; };
		BE5CFC2E1379EBE300E4E383 /* libnimRecorder.dylib in Frameworks */ = {isa = PBXBuildFile; fileRef = BE5CFC2B1379EBE300E4E383 /* libnimRecorder.dylib */; };
		BE5CFC311379EC1D00E4E383 /* app-main.cpp in Sources */ = {isa = PBXBuildFile; fileRef = BE5CFC301379EC1D00E4E383 /* app-main.cpp */; };
		BE5CFC631379FAED00E4E383 /* libXnVFeatures_1_3_1.dylib in Copy dylibs */ = {isa = PBXBuildFile; fileRef = BE5CFC221379EBD900E4E383 /* libXnVFeatures_1_3_1.dylib */; };
		BE5CFC641379FAED00E4E383 /* libXnVHandGenerator_1_3_1.dylib in Copy dylibs */ = {isa = PBXBuildFile; fileRef = BE5CFC231379EBD900E4E383 /* libXnVHandGenerator_1_3_1.dylib */; };
		BE5CFC651379FAED00E4E383 /* libXnDeviceFile.dylib in Copy dylibs */ = {isa = PBXBuildFile; fileRef = BE5CFC191379EBC300E4E383 /* libXnDeviceFile.dylib */; };
		BE5CFC661379FAED00E4E383 /* libXnDeviceSensorV2KM.dylib in Copy dylibs */ = {isa = PBXBuildFile; fileRef = BE5CFC1A1379EBC300E4E383 /* libXnDeviceSensorV2KM.dylib */; };
		BE5CFC671379FAED00E4E383 /* libnimCodecs.dylib in Copy dylibs */ = {isa = PBXBuildFile; fileRef = BE5CFC291379EBE300E4E383 /* libnimCodecs.dylib */; };
		BE5CFC681379FAED00E4E383 /* libnimMockNodes.dylib in Copy dylibs */ = {isa = PBXBuildFile; fileRef = BE5CFC2A1379EBE300E4E383 /* libnimMockNodes.dylib */; };
		BE5CFC6B1379FB3800E4E383 /* RegisterPrivateModule.cpp in Sources */ = {isa = PBXBuildFile; fileRef = BE5CFC6A1379FB3800E4E383 /* RegisterPrivateModule.cpp */; };
		BE5CFCFA1379FD7600E4E383 /* CoreFoundation.framework in Frameworks */ = {isa = PBXBuildFile; fileRef = BE5CFCF91379FD7600E4E383 /* CoreFoundation.framework */; };
		BE5CFD37137A04CD00E4E383 /* libOpenNI.dylib in Frameworks */ = {isa = PBXBuildFile; fileRef = BE5CFD36137A04CD00E4E383 /* libOpenNI.dylib */; };
		BE5CFD38137A04E200E4E383 /* libOpenNI.dylib in Copy dylibs */ = {isa = PBXBuildFile; fileRef = BE5CFD36137A04CD00E4E383 /* libOpenNI.dylib */; };
		BE897A4F137DFCD300A708D0 /* InitLogDestination.cpp in Sources */ = {isa = PBXBuildFile; fileRef = BE897A4E137DFCD300A708D0 /* InitLogDestination.cpp */; };
		BEE11E70137B57CD00ED0184 /* h.dat in Resources */ = {isa = PBXBuildFile; fileRef = BEE11E6E137B57CD00ED0184 /* h.dat */; };
		BEE11E71137B57CD00ED0184 /* s.dat in Resources */ = {isa = PBXBuildFile; fileRef = BEE11E6F137B57CD00ED0184 /* s.dat */; };
		BEE11E9D137B654900ED0184 /* libXnCore.dylib in Copy dylibs */ = {isa = PBXBuildFile; fileRef = BE5CFC171379EBC300E4E383 /* libXnCore.dylib */; };
		BEE11EA1137B65B300ED0184 /* libXnDDK.dylib in Copy dylibs */ = {isa = PBXBuildFile; fileRef = BE5CFC181379EBC300E4E383 /* libXnDDK.dylib */; };
		BEE11EAB137B66E200ED0184 /* libXnFormats.dylib in Copy dylibs */ = {isa = PBXBuildFile; fileRef = BE5CFC1B1379EBC300E4E383 /* libXnFormats.dylib */; };
		BEE11EBA137B698000ED0184 /* libXnVCNITE_1_3_1.dylib in Copy dylibs */ = {isa = PBXBuildFile; fileRef = BE5CFC211379EBD900E4E383 /* libXnVCNITE_1_3_1.dylib */; };
		BEE11EBB137B698B00ED0184 /* libXnVNite_1_3_1.dylib in Copy dylibs */ = {isa = PBXBuildFile; fileRef = BE5CFC241379EBD900E4E383 /* libXnVNite_1_3_1.dylib */; };
		BEE11EBF137B69A900ED0184 /* libnimRecorder.dylib in Copy dylibs */ = {isa = PBXBuildFile; fileRef = BE5CFC2B1379EBE300E4E383 /* libnimRecorder.dylib */; };
		BEE11ED6137B744B00ED0184 /* libusb.dylib in Frameworks */ = {isa = PBXBuildFile; fileRef = BEE11ED5137B744B00ED0184 /* libusb.dylib */; };
		BEE11ED7137B745900ED0184 /* libusb.dylib in Copy dylibs */ = {isa = PBXBuildFile; fileRef = BEE11ED5137B744B00ED0184 /* libusb.dylib */; };
		BEF2EF12137C52A200708861 /* SamplesConfig.xml in Resources */ = {isa = PBXBuildFile; fileRef = BEF2EF11137C52A200708861 /* SamplesConfig.xml */; };
		BEF2EF2A137C5D3300708861 /* FeatureExtraction.ini in Resources */ = {isa = PBXBuildFile; fileRef = BEF2EF29137C5D3300708861 /* FeatureExtraction.ini */; };
/* End PBXBuildFile section */

/* Begin PBXCopyFilesBuildPhase section */
		8DD76F690486A84900D96B5E /* CopyFiles */ = {
			isa = PBXCopyFilesBuildPhase;
			buildActionMask = 8;
			dstPath = /usr/share/man/man1/;
			dstSubfolderSpec = 0;
			files = (
			);
			runOnlyForDeploymentPostprocessing = 1;
		};
		BE5CFC611379FAC100E4E383 /* Copy dylibs */ = {
			isa = PBXCopyFilesBuildPhase;
			buildActionMask = 2147483647;
			dstPath = "";
			dstSubfolderSpec = 10;
			files = (
				BEE11ED7137B745900ED0184 /* libusb.dylib in Copy dylibs */,
				BEE11EBB137B698B00ED0184 /* libXnVNite_1_3_1.dylib in Copy dylibs */,
				BEE11EBA137B698000ED0184 /* libXnVCNITE_1_3_1.dylib in Copy dylibs */,
				BEE11EAB137B66E200ED0184 /* libXnFormats.dylib in Copy dylibs */,
				BEE11EA1137B65B300ED0184 /* libXnDDK.dylib in Copy dylibs */,
				BEE11E9D137B654900ED0184 /* libXnCore.dylib in Copy dylibs */,
				BE5CFD38137A04E200E4E383 /* libOpenNI.dylib in Copy dylibs */,
				BE5CFC631379FAED00E4E383 /* libXnVFeatures_1_3_1.dylib in Copy dylibs */,
				BE5CFC641379FAED00E4E383 /* libXnVHandGenerator_1_3_1.dylib in Copy dylibs */,
				BE5CFC651379FAED00E4E383 /* libXnDeviceFile.dylib in Copy dylibs */,
				BE5CFC661379FAED00E4E383 /* libXnDeviceSensorV2KM.dylib in Copy dylibs */,
				BE5CFC671379FAED00E4E383 /* libnimCodecs.dylib in Copy dylibs */,
				BE5CFC681379FAED00E4E383 /* libnimMockNodes.dylib in Copy dylibs */,
				BEE11EBF137B69A900ED0184 /* libnimRecorder.dylib in Copy dylibs */,
			);
			name = "Copy dylibs";
			runOnlyForDeploymentPostprocessing = 0;
		};
/* End PBXCopyFilesBuildPhase section */

/* Begin PBXFileReference section */
		8DD76F6C0486A84900D96B5E /* UserTracker */ = {isa = PBXFileReference; explicitFileType = "compiled.mach-o.executable"; includeInIndex = 0; path = UserTracker; sourceTree = BUILT_PRODUCTS_DIR; };
		BE5BD82A136A2C2100B8CEFC /* main.cpp */ = {isa = PBXFileReference; fileEncoding = 4; lastKnownFileType = sourcecode.cpp.cpp; name = main.cpp; path = ../main.cpp; sourceTree = SOURCE_ROOT; };
		BE5BD82C136A2C3500B8CEFC /* SceneDrawer.cpp */ = {isa = PBXFileReference; fileEncoding = 4; lastKnownFileType = sourcecode.cpp.cpp; name = SceneDrawer.cpp; path = ../SceneDrawer.cpp; sourceTree = SOURCE_ROOT; };
		BE5BD82D136A2C3500B8CEFC /* SceneDrawer.h */ = {isa = PBXFileReference; fileEncoding = 4; lastKnownFileType = sourcecode.c.h; name = SceneDrawer.h; path = ../SceneDrawer.h; sourceTree = SOURCE_ROOT; };
		BE5BD831136A2C6B00B8CEFC /* GLUT.framework */ = {isa = PBXFileReference; lastKnownFileType = wrapper.framework; name = GLUT.framework; path = System/Library/Frameworks/GLUT.framework; sourceTree = SDKROOT; };
		BE5BD833136A2C6B00B8CEFC /* OpenGL.framework */ = {isa = PBXFileReference; lastKnownFileType = wrapper.framework; name = OpenGL.framework; path = System/Library/Frameworks/OpenGL.framework; sourceTree = SDKROOT; };
		BE5BD83D136A306600B8CEFC /* libOpenNI.dylib */ = {isa = PBXFileReference; lastKnownFileType = "compiled.mach-o.dylib"; name = libOpenNI.dylib; path = "../../../Platform/Linux-x86/Bin/Release/libOpenNI.dylib"; sourceTree = SOURCE_ROOT; };
		BE5CFBDE1379EAF100E4E383 /* TrackerApp.app */ = {isa = PBXFileReference; explicitFileType = wrapper.application; includeInIndex = 0; path = TrackerApp.app; sourceTree = BUILT_PRODUCTS_DIR; };
		BE5CFBE01379EAF100E4E383 /* TrackerApp-Info.plist */ = {isa = PBXFileReference; lastKnownFileType = text.plist.xml; path = "TrackerApp-Info.plist"; sourceTree = "<group>"; };
		BE5CFC171379EBC300E4E383 /* libXnCore.dylib */ = {isa = PBXFileReference; lastKnownFileType = "compiled.mach-o.dylib"; name = libXnCore.dylib; path = "install_name-modified/SensorKinect/libXnCore.dylib"; sourceTree = Kinect; };
		BE5CFC181379EBC300E4E383 /* libXnDDK.dylib */ = {isa = PBXFileReference; lastKnownFileType = "compiled.mach-o.dylib"; name = libXnDDK.dylib; path = "install_name-modified/SensorKinect/libXnDDK.dylib"; sourceTree = Kinect; };
		BE5CFC191379EBC300E4E383 /* libXnDeviceFile.dylib */ = {isa = PBXFileReference; lastKnownFileType = "compiled.mach-o.dylib"; name = libXnDeviceFile.dylib; path = "install_name-modified/SensorKinect/libXnDeviceFile.dylib"; sourceTree = Kinect; };
		BE5CFC1A1379EBC300E4E383 /* libXnDeviceSensorV2KM.dylib */ = {isa = PBXFileReference; lastKnownFileType = "compiled.mach-o.dylib"; name = libXnDeviceSensorV2KM.dylib; path = "install_name-modified/SensorKinect/libXnDeviceSensorV2KM.dylib"; sourceTree = Kinect; };
		BE5CFC1B1379EBC300E4E383 /* libXnFormats.dylib */ = {isa = PBXFileReference; lastKnownFileType = "compiled.mach-o.dylib"; name = libXnFormats.dylib; path = "install_name-modified/SensorKinect/libXnFormats.dylib"; sourceTree = Kinect; };
		BE5CFC211379EBD900E4E383 /* libXnVCNITE_1_3_1.dylib */ = {isa = PBXFileReference; lastKnownFileType = "compiled.mach-o.dylib"; name = libXnVCNITE_1_3_1.dylib; path = "install_name-modified/NITE/libXnVCNITE_1_3_1.dylib"; sourceTree = Kinect; };
		BE5CFC221379EBD900E4E383 /* libXnVFeatures_1_3_1.dylib */ = {isa = PBXFileReference; lastKnownFileType = "compiled.mach-o.dylib"; name = libXnVFeatures_1_3_1.dylib; path = "install_name-modified/NITE/libXnVFeatures_1_3_1.dylib"; sourceTree = Kinect; };
		BE5CFC231379EBD900E4E383 /* libXnVHandGenerator_1_3_1.dylib */ = {isa = PBXFileReference; lastKnownFileType = "compiled.mach-o.dylib"; name = libXnVHandGenerator_1_3_1.dylib; path = "install_name-modified/NITE/libXnVHandGenerator_1_3_1.dylib"; sourceTree = Kinect; };
		BE5CFC241379EBD900E4E383 /* libXnVNite_1_3_1.dylib */ = {isa = PBXFileReference; lastKnownFileType = "compiled.mach-o.dylib"; name = libXnVNite_1_3_1.dylib; path = "install_name-modified/NITE/libXnVNite_1_3_1.dylib"; sourceTree = Kinect; };
		BE5CFC291379EBE300E4E383 /* libnimCodecs.dylib */ = {isa = PBXFileReference; lastKnownFileType = "compiled.mach-o.dylib"; name = libnimCodecs.dylib; path = "install_name-modified/OpenNI/libnimCodecs.dylib"; sourceTree = Kinect; };
		BE5CFC2A1379EBE300E4E383 /* libnimMockNodes.dylib */ = {isa = PBXFileReference; lastKnownFileType = "compiled.mach-o.dylib"; name = libnimMockNodes.dylib; path = "install_name-modified/OpenNI/libnimMockNodes.dylib"; sourceTree = Kinect; };
		BE5CFC2B1379EBE300E4E383 /* libnimRecorder.dylib */ = {isa = PBXFileReference; lastKnownFileType = "compiled.mach-o.dylib"; name = libnimRecorder.dylib; path = "install_name-modified/OpenNI/libnimRecorder.dylib"; sourceTree = Kinect; };
		BE5CFC301379EC1D00E4E383 /* app-main.cpp */ = {isa = PBXFileReference; fileEncoding = 4; lastKnownFileType = sourcecode.cpp.cpp; path = "app-main.cpp"; sourceTree = "<group>"; };
		BE5CFC691379FB3800E4E383 /* RegisterPrivateModule.h */ = {isa = PBXFileReference; fileEncoding = 4; lastKnownFileType = sourcecode.c.h; path = RegisterPrivateModule.h; sourceTree = "<group>"; };
		BE5CFC6A1379FB3800E4E383 /* RegisterPrivateModule.cpp */ = {isa = PBXFileReference; fileEncoding = 4; lastKnownFileType = sourcecode.cpp.cpp; path = RegisterPrivateModule.cpp; sourceTree = "<group>"; };
		BE5CFCF91379FD7600E4E383 /* CoreFoundation.framework */ = {isa = PBXFileReference; lastKnownFileType = wrapper.framework; name = CoreFoundation.framework; path = System/Library/Frameworks/CoreFoundation.framework; sourceTree = SDKROOT; };
		BE5CFD36137A04CD00E4E383 /* libOpenNI.dylib */ = {isa = PBXFileReference; lastKnownFileType = "compiled.mach-o.dylib"; name = libOpenNI.dylib; path = "OpenNI-Mac-project/build/Debug/libOpenNI.dylib"; sourceTree = Kinect; };
		BE897A4D137DFCD300A708D0 /* InitLogDestination.h */ = {isa = PBXFileReference; fileEncoding = 4; lastKnownFileType = sourcecode.c.h; path = InitLogDestination.h; sourceTree = "<group>"; };
		BE897A4E137DFCD300A708D0 /* InitLogDestination.cpp */ = {isa = PBXFileReference; fileEncoding = 4; lastKnownFileType = sourcecode.cpp.cpp; path = InitLogDestination.cpp; sourceTree = "<group>"; };
		BEE11E6E137B57CD00ED0184 /* h.dat */ = {isa = PBXFileReference; lastKnownFileType = file; name = h.dat; path = "Nite-1.3.1.5 MacOS/Features_1_3_1/Data/h.dat"; sourceTree = Kinect; };
		BEE11E6F137B57CD00ED0184 /* s.dat */ = {isa = PBXFileReference; lastKnownFileType = file; name = s.dat; path = "Nite-1.3.1.5 MacOS/Features_1_3_1/Data/s.dat"; sourceTree = Kinect; };
		BEE11ED5137B744B00ED0184 /* libusb.dylib */ = {isa = PBXFileReference; lastKnownFileType = "compiled.mach-o.dylib"; name = libusb.dylib; path = "install_name-modified/libusb/libusb.dylib"; sourceTree = Kinect; };
		BEF2EF11137C52A200708861 /* SamplesConfig.xml */ = {isa = PBXFileReference; fileEncoding = 4; lastKnownFileType = text.xml; name = SamplesConfig.xml; path = "OpenNI-fork/OpenNI/Data/SamplesConfig.xml"; sourceTree = Kinect; };
		BEF2EF29137C5D3300708861 /* FeatureExtraction.ini */ = {isa = PBXFileReference; fileEncoding = 4; lastKnownFileType = text; name = FeatureExtraction.ini; path = "Nite-1.3.1.5 MacOS/Features_1_3_1/Data/FeatureExtraction.ini"; sourceTree = Kinect; };
/* End PBXFileReference section */

/* Begin PBXFrameworksBuildPhase section */
		8DD76F660486A84900D96B5E /* Frameworks */ = {
			isa = PBXFrameworksBuildPhase;
			buildActionMask = 2147483647;
			files = (
				BE5BD832136A2C6B00B8CEFC /* GLUT.framework in Frameworks */,
				BE5BD834136A2C6B00B8CEFC /* OpenGL.framework in Frameworks */,
				BE5BD83E136A306600B8CEFC /* libOpenNI.dylib in Frameworks */,
			);
			runOnlyForDeploymentPostprocessing = 0;
		};
		BE5CFBDC1379EAF100E4E383 /* Frameworks */ = {
			isa = PBXFrameworksBuildPhase;
			buildActionMask = 2147483647;
			files = (
				BE5CFBF51379EB3800E4E383 /* GLUT.framework in Frameworks */,
				BE5CFC081379EB3D00E4E383 /* OpenGL.framework in Frameworks */,
				BE5CFC0B1379EB8A00E4E383 /* libOpenNI.dylib in Frameworks */,
				BE5CFC1C1379EBC300E4E383 /* libXnCore.dylib in Frameworks */,
				BE5CFC1D1379EBC300E4E383 /* libXnDDK.dylib in Frameworks */,
				BE5CFC1E1379EBC300E4E383 /* libXnDeviceFile.dylib in Frameworks */,
				BE5CFC1F1379EBC300E4E383 /* libXnDeviceSensorV2KM.dylib in Frameworks */,
				BE5CFC201379EBC300E4E383 /* libXnFormats.dylib in Frameworks */,
				BE5CFC251379EBD900E4E383 /* libXnVCNITE_1_3_1.dylib in Frameworks */,
				BE5CFC261379EBD900E4E383 /* libXnVFeatures_1_3_1.dylib in Frameworks */,
				BE5CFC271379EBD900E4E383 /* libXnVHandGenerator_1_3_1.dylib in Frameworks */,
				BE5CFC281379EBD900E4E383 /* libXnVNite_1_3_1.dylib in Frameworks */,
				BE5CFC2C1379EBE300E4E383 /* libnimCodecs.dylib in Frameworks */,
				BE5CFC2D1379EBE300E4E383 /* libnimMockNodes.dylib in Frameworks */,
				BE5CFC2E1379EBE300E4E383 /* libnimRecorder.dylib in Frameworks */,
				BE5CFCFA1379FD7600E4E383 /* CoreFoundation.framework in Frameworks */,
				BE5CFD37137A04CD00E4E383 /* libOpenNI.dylib in Frameworks */,
				BEE11ED6137B744B00ED0184 /* libusb.dylib in Frameworks */,
			);
			runOnlyForDeploymentPostprocessing = 0;
		};
/* End PBXFrameworksBuildPhase section */

/* Begin PBXGroup section */
		08FB7794FE84155DC02AAC07 /* UserTracker */ = {
			isa = PBXGroup;
			children = (
				08FB7795FE84155DC02AAC07 /* Source */,
				BEE11E69137B579200ED0184 /* Data Files */,
				BE5BD830136A2C4F00B8CEFC /* Frameworks */,
				BE5CFD35137A04AD00E4E383 /* dylibs for tool */,
				BE5CFC0A1379EB7400E4E383 /* dylibs for app */,
				1AB674ADFE9D54B511CA2CBB /* Products */,
				BE5CFBE01379EAF100E4E383 /* TrackerApp-Info.plist */,
			);
			name = UserTracker;
			sourceTree = "<group>";
		};
		08FB7795FE84155DC02AAC07 /* Source */ = {
			isa = PBXGroup;
			children = (
				BE5BD82A136A2C2100B8CEFC /* main.cpp */,
				BE5CFC301379EC1D00E4E383 /* app-main.cpp */,
				BE897A4D137DFCD300A708D0 /* InitLogDestination.h */,
				BE897A4E137DFCD300A708D0 /* InitLogDestination.cpp */,
				BE5CFC691379FB3800E4E383 /* RegisterPrivateModule.h */,
				BE5CFC6A1379FB3800E4E383 /* RegisterPrivateModule.cpp */,
				BE5BD82C136A2C3500B8CEFC /* SceneDrawer.cpp */,
				BE5BD82D136A2C3500B8CEFC /* SceneDrawer.h */,
			);
			name = Source;
			sourceTree = "<group>";
		};
		1AB674ADFE9D54B511CA2CBB /* Products */ = {
			isa = PBXGroup;
			children = (
				8DD76F6C0486A84900D96B5E /* UserTracker */,
				BE5CFBDE1379EAF100E4E383 /* TrackerApp.app */,
			);
			name = Products;
			sourceTree = "<group>";
		};
		BE5BD830136A2C4F00B8CEFC /* Frameworks */ = {
			isa = PBXGroup;
			children = (
				BE5BD831136A2C6B00B8CEFC /* GLUT.framework */,
				BE5BD833136A2C6B00B8CEFC /* OpenGL.framework */,
				BE5CFCF91379FD7600E4E383 /* CoreFoundation.framework */,
			);
			name = Frameworks;
			sourceTree = "<group>";
		};
		BE5CFC0A1379EB7400E4E383 /* dylibs for app */ = {
			isa = PBXGroup;
			children = (
				BEE11ED5137B744B00ED0184 /* libusb.dylib */,
				BE5CFD36137A04CD00E4E383 /* libOpenNI.dylib */,
				BE5CFC211379EBD900E4E383 /* libXnVCNITE_1_3_1.dylib */,
				BE5CFC221379EBD900E4E383 /* libXnVFeatures_1_3_1.dylib */,
				BE5CFC231379EBD900E4E383 /* libXnVHandGenerator_1_3_1.dylib */,
				BE5CFC241379EBD900E4E383 /* libXnVNite_1_3_1.dylib */,
				BE5CFC171379EBC300E4E383 /* libXnCore.dylib */,
				BE5CFC181379EBC300E4E383 /* libXnDDK.dylib */,
				BE5CFC191379EBC300E4E383 /* libXnDeviceFile.dylib */,
				BE5CFC1A1379EBC300E4E383 /* libXnDeviceSensorV2KM.dylib */,
				BE5CFC1B1379EBC300E4E383 /* libXnFormats.dylib */,
				BE5CFC291379EBE300E4E383 /* libnimCodecs.dylib */,
				BE5CFC2A1379EBE300E4E383 /* libnimMockNodes.dylib */,
				BE5CFC2B1379EBE300E4E383 /* libnimRecorder.dylib */,
			);
			name = "dylibs for app";
			sourceTree = "<group>";
		};
		BE5CFD35137A04AD00E4E383 /* dylibs for tool */ = {
			isa = PBXGroup;
			children = (
				BE5BD83D136A306600B8CEFC /* libOpenNI.dylib */,
			);
			name = "dylibs for tool";
			sourceTree = "<group>";
		};
		BEE11E69137B579200ED0184 /* Data Files */ = {
			isa = PBXGroup;
			children = (
				BEF2EF11137C52A200708861 /* SamplesConfig.xml */,
				BEF2EF29137C5D3300708861 /* FeatureExtraction.ini */,
				BEE11E6E137B57CD00ED0184 /* h.dat */,
				BEE11E6F137B57CD00ED0184 /* s.dat */,
			);
			name = "Data Files";
			sourceTree = "<group>";
		};
/* End PBXGroup section */

/* Begin PBXNativeTarget section */
		8DD76F620486A84900D96B5E /* UserTracker */ = {
			isa = PBXNativeTarget;
			buildConfigurationList = 1DEB923108733DC60010E9CD /* Build configuration list for PBXNativeTarget "UserTracker" */;
			buildPhases = (
				8DD76F640486A84900D96B5E /* Sources */,
				8DD76F660486A84900D96B5E /* Frameworks */,
				8DD76F690486A84900D96B5E /* CopyFiles */,
			);
			buildRules = (
			);
			dependencies = (
			);
			name = UserTracker;
			productInstallPath = "$(HOME)/bin";
			productName = UserTracker;
			productReference = 8DD76F6C0486A84900D96B5E /* UserTracker */;
			productType = "com.apple.product-type.tool";
		};
		BE5CFBDD1379EAF100E4E383 /* TrackerApp */ = {
			isa = PBXNativeTarget;
			buildConfigurationList = BE5CFBE31379EAF200E4E383 /* Build configuration list for PBXNativeTarget "TrackerApp" */;
			buildPhases = (
				BE5CFBDA1379EAF100E4E383 /* Resources */,
				BE5CFC611379FAC100E4E383 /* Copy dylibs */,
				BE5CFBDB1379EAF100E4E383 /* Sources */,
				BE5CFBDC1379EAF100E4E383 /* Frameworks */,
			);
			buildRules = (
			);
			dependencies = (
			);
			name = TrackerApp;
			productName = TrackerApp;
			productReference = BE5CFBDE1379EAF100E4E383 /* TrackerApp.app */;
			productType = "com.apple.product-type.application";
		};
/* End PBXNativeTarget section */

/* Begin PBXProject section */
		08FB7793FE84155DC02AAC07 /* Project object */ = {
			isa = PBXProject;
			buildConfigurationList = 1DEB923508733DC60010E9CD /* Build configuration list for PBXProject "UserTracker" */;
			compatibilityVersion = "Xcode 3.1";
			developmentRegion = English;
			hasScannedForEncodings = 1;
			knownRegions = (
				English,
				Japanese,
				French,
				German,
			);
			mainGroup = 08FB7794FE84155DC02AAC07 /* UserTracker */;
			projectDirPath = "";
			projectRoot = "";
			targets = (
				8DD76F620486A84900D96B5E /* UserTracker */,
				BE5CFBDD1379EAF100E4E383 /* TrackerApp */,
			);
		};
/* End PBXProject section */

/* Begin PBXResourcesBuildPhase section */
		BE5CFBDA1379EAF100E4E383 /* Resources */ = {
			isa = PBXResourcesBuildPhase;
			buildActionMask = 2147483647;
			files = (
				BEF2EF12137C52A200708861 /* SamplesConfig.xml in Resources */,
				BEF2EF2A137C5D3300708861 /* FeatureExtraction.ini in Resources */,
				BEE11E70137B57CD00ED0184 /* h.dat in Resources */,
				BEE11E71137B57CD00ED0184 /* s.dat in Resources */,
			);
			runOnlyForDeploymentPostprocessing = 0;
		};
/* End PBXResourcesBuildPhase section */

/* Begin PBXSourcesBuildPhase section */
		8DD76F640486A84900D96B5E /* Sources */ = {
			isa = PBXSourcesBuildPhase;
			buildActionMask = 2147483647;
			files = (
				BE5BD82B136A2C2800B8CEFC /* main.cpp in Sources */,
				BE5BD82E136A2C3500B8CEFC /* SceneDrawer.cpp in Sources */,
			);
			runOnlyForDeploymentPostprocessing = 0;
		};
		BE5CFBDB1379EAF100E4E383 /* Sources */ = {
			isa = PBXSourcesBuildPhase;
			buildActionMask = 2147483647;
			files = (
				BE5CFC091379EB6000E4E383 /* SceneDrawer.cpp in Sources */,
				BE5CFC311379EC1D00E4E383 /* app-main.cpp in Sources */,
				BE5CFC6B1379FB3800E4E383 /* RegisterPrivateModule.cpp in Sources */,
				BE897A4F137DFCD300A708D0 /* InitLogDestination.cpp in Sources */,
			);
			runOnlyForDeploymentPostprocessing = 0;
		};
/* End PBXSourcesBuildPhase section */

/* Begin XCBuildConfiguration section */
		1DEB923208733DC60010E9CD /* Debug */ = {
			isa = XCBuildConfiguration;
			buildSettings = {
				ALWAYS_SEARCH_USER_PATHS = NO;
				COPY_PHASE_STRIP = NO;
				GCC_DYNAMIC_NO_PIC = NO;
				GCC_ENABLE_FIX_AND_CONTINUE = YES;
				GCC_MODEL_TUNING = G5;
				GCC_OPTIMIZATION_LEVEL = 0;
				INSTALL_PATH = /usr/local/bin;
				LIBRARY_SEARCH_PATHS = (
					"$(inherited)",
					"\"$(SRCROOT)/../../../Platform/Linux-x86/Bin/Release\"",
				);
				PRODUCT_NAME = UserTracker;
			};
			name = Debug;
		};
		1DEB923308733DC60010E9CD /* Release */ = {
			isa = XCBuildConfiguration;
			buildSettings = {
				ALWAYS_SEARCH_USER_PATHS = NO;
				DEBUG_INFORMATION_FORMAT = "dwarf-with-dsym";
				GCC_MODEL_TUNING = G5;
				INSTALL_PATH = /usr/local/bin;
				LIBRARY_SEARCH_PATHS = (
					"$(inherited)",
					"\"$(SRCROOT)/../../../Platform/Linux-x86/Bin/Release\"",
				);
				PRODUCT_NAME = UserTracker;
			};
			name = Release;
		};
		1DEB923608733DC60010E9CD /* Debug */ = {
			isa = XCBuildConfiguration;
			buildSettings = {
				ARCHS = "$(ARCHS_STANDARD_32_64_BIT)";
				GCC_C_LANGUAGE_STANDARD = gnu99;
				GCC_OPTIMIZATION_LEVEL = 0;
				GCC_WARN_ABOUT_RETURN_TYPE = YES;
				GCC_WARN_UNUSED_VARIABLE = YES;
				HEADER_SEARCH_PATHS = /usr/include/ni;
				ONLY_ACTIVE_ARCH = YES;
				PREBINDING = NO;
				SDKROOT = macosx10.6;
				SYMROOT = "../../../Platform/Linux-x86/Bin";
			};
			name = Debug;
		};
		1DEB923708733DC60010E9CD /* Release */ = {
			isa = XCBuildConfiguration;
			buildSettings = {
				ARCHS = "$(ARCHS_STANDARD_32_64_BIT)";
				GCC_C_LANGUAGE_STANDARD = gnu99;
				GCC_WARN_ABOUT_RETURN_TYPE = YES;
				GCC_WARN_UNUSED_VARIABLE = YES;
				PREBINDING = NO;
				SDKROOT = macosx10.6;
			};
			name = Release;
		};
		BE5CFBE11379EAF200E4E383 /* Debug */ = {
			isa = XCBuildConfiguration;
			buildSettings = {
				ALWAYS_SEARCH_USER_PATHS = NO;
				COPY_PHASE_STRIP = NO;
				GCC_DYNAMIC_NO_PIC = NO;
				GCC_ENABLE_FIX_AND_CONTINUE = YES;
				GCC_MODEL_TUNING = G5;
				GCC_OPTIMIZATION_LEVEL = 0;
				HEADER_SEARCH_PATHS = "$(OpenNI)/Include";
				INFOPLIST_FILE = "TrackerApp-Info.plist";
				INSTALL_PATH = "$(HOME)/Applications";
				LIBRARY_SEARCH_PATHS = (
					"$(inherited)",
					"\"$(SRCROOT)/../../../../../install_name-modified/SensorKinect\"",
					"\"$(SRCROOT)/../../../../../install_name-modified/NITE\"",
					"\"$(SRCROOT)/../../../../../install_name-modified/OpenNI\"",
					"\"$(SRCROOT)/../../../../../OpenNI-Mac-project/build/Debug\"",
					"\"$(SRCROOT)/../../../../../libusb/libusb-build/build/Debug\"",
					"\"$(SRCROOT)/../../../../../install_name-modified/libusb\"",
				);
				OTHER_LDFLAGS = (
					"-framework",
					Foundation,
					"-framework",
					AppKit,
				);
				PRODUCT_NAME = TrackerApp;
				SYMROOT = "$(Kinect)/App_build";
			};
			name = Debug;
		};
		BE5CFBE21379EAF200E4E383 /* Release */ = {
			isa = XCBuildConfiguration;
			buildSettings = {
				ALWAYS_SEARCH_USER_PATHS = NO;
				COPY_PHASE_STRIP = YES;
				DEBUG_INFORMATION_FORMAT = "dwarf-with-dsym";
				GCC_ENABLE_FIX_AND_CONTINUE = NO;
				GCC_MODEL_TUNING = G5;
				GCC_PRECOMPILE_PREFIX_HEADER = YES;
				GCC_PREFIX_HEADER = "$(SYSTEM_LIBRARY_DIR)/Frameworks/AppKit.framework/Headers/AppKit.h";
				INFOPLIST_FILE = "TrackerApp-Info.plist";
				INSTALL_PATH = "$(HOME)/Applications";
				LIBRARY_SEARCH_PATHS = (
					"$(inherited)",
					"\"$(SRCROOT)/../../../Platform/Linux-x86/Bin/Release\"",
					"\"$(SRCROOT)/../../../../../install_name-modified/SensorKinect\"",
					"\"$(SRCROOT)/../../../../../install_name-modified/NITE\"",
					"\"$(SRCROOT)/../../../../../install_name-modified/OpenNI\"",
					"\"$(SRCROOT)/../../../../../OpenNI-Mac-project/build/Debug\"",
					"\"$(SRCROOT)/../../../../../libusb/libusb-build/build/Debug\"",
					"\"$(SRCROOT)/../../../../../install_name-modified/libusb\"",
				);
				OTHER_LDFLAGS = (
					"-framework",
					Foundation,
					"-framework",
					AppKit,
				);
				PREBINDING = NO;
				PRODUCT_NAME = TrackerApp;
				ZERO_LINK = NO;
			};
			name = Release;
		};
/* End XCBuildConfiguration section */

/* Begin XCConfigurationList section */
		1DEB923108733DC60010E9CD /* Build configuration list for PBXNativeTarget "UserTracker" */ = {
			isa = XCConfigurationList;
			buildConfigurations = (
				1DEB923208733DC60010E9CD /* Debug */,
				1DEB923308733DC60010E9CD /* Release */,
			);
			defaultConfigurationIsVisible = 0;
			defaultConfigurationName = Release;
		};
		1DEB923508733DC60010E9CD /* Build configuration list for PBXProject "UserTracker" */ = {
			isa = XCConfigurationList;
			buildConfigurations = (
				1DEB923608733DC60010E9CD /* Debug */,
				1DEB923708733DC60010E9CD /* Release */,
			);
			defaultConfigurationIsVisible = 0;
			defaultConfigurationName = Release;
		};
		BE5CFBE31379EAF200E4E383 /* Build configuration list for PBXNativeTarget "TrackerApp" */ = {
			isa = XCConfigurationList;
			buildConfigurations = (
				BE5CFBE11379EAF200E4E383 /* Debug */,
				BE5CFBE21379EAF200E4E383 /* Release */,
			);
			defaultConfigurationIsVisible = 0;
			defaultConfigurationName = Release;
		};
/* End XCConfigurationList section */
	};
	rootObject = 08FB7793FE84155DC02AAC07 /* Project object */;
}
